
Microsoft Visual Studio Solution File, Format Version 12.00
# Visual Studio Version 17
VisualStudioVersion = 17.14.37111.16 d17.14
MinimumVisualStudioVersion = 10.0.40219.1
Project("{FAE04EC0-301F-11D3-BF4B-00C04F79EFBC}") = "FinalApi", "FinalApi.csproj", "{46C6B95E-EA50-4AFD-AB9B-2CA357ADE4F1}"
EndProject
Global
	GlobalSection(SolutionConfigurationPlatforms) = preSolution
		Debug|Any CPU = Debug|Any CPU
		Release|Any CPU = Release|Any CPU
	EndGlobalSection
	GlobalSection(ProjectConfigurationPlatforms) = postSolution
		{46C6B95E-EA50-4AFD-AB9B-2CA357ADE4F1}.Debug|Any CPU.ActiveCfg = Debug|Any CPU
		{46C6B95E-EA50-4AFD-AB9B-2CA357ADE4F1}.Debug|Any CPU.Build.0 = Debug|Any CPU
		{46C6B95E-EA50-4AFD-AB9B-2CA357ADE4F1}.Release|Any CPU.ActiveCfg = Release|Any CPU
		{46C6B95E-EA50-4AFD-AB9B-2CA357ADE4F1}.Release|Any CPU.Build.0 = Release|Any CPU
	EndGlobalSection
	GlobalSection(SolutionProperties) = preSolution
		HideSolutionNode = FALSE
	EndGlobalSection
	GlobalSection(ExtensibilityGlobals) = postSolution
		SolutionGuid = {D5068D4E-B690-402E-9D37-D1B885D27060}
	EndGlobalSection
EndGlobal
