
Microsoft Visual Studio Solution File, Format Version 12.00
# Visual Studio Version 17
VisualStudioVersion = 17.14.37111.16 d17.14
MinimumVisualStudioVersion = 10.0.40219.1
Project("{FAE04EC0-301F-11D3-BF4B-00C04F79EFBC}") = "lab3", "lab3.csproj", "{EBDAF2FB-BE6D-4BC7-A843-406CD5F96474}"
EndProject
Global
	GlobalSection(SolutionConfigurationPlatforms) = preSolution
		Debug|Any CPU = Debug|Any CPU
		Release|Any CPU = Release|Any CPU
	EndGlobalSection
	GlobalSection(ProjectConfigurationPlatforms) = postSolution
		{EBDAF2FB-BE6D-4BC7-A843-406CD5F96474}.Debug|Any CPU.ActiveCfg = Debug|Any CPU
		{EBDAF2FB-BE6D-4BC7-A843-406CD5F96474}.Debug|Any CPU.Build.0 = Debug|Any CPU
		{EBDAF2FB-BE6D-4BC7-A843-406CD5F96474}.Release|Any CPU.ActiveCfg = Release|Any CPU
		{EBDAF2FB-BE6D-4BC7-A843-406CD5F96474}.Release|Any CPU.Build.0 = Release|Any CPU
	EndGlobalSection
	GlobalSection(SolutionProperties) = preSolution
		HideSolutionNode = FALSE
	EndGlobalSection
	GlobalSection(ExtensibilityGlobals) = postSolution
		SolutionGuid = {858CC27C-DCE4-40ED-8E0D-5F3BDCAE7E66}
	EndGlobalSection
EndGlobal
