
Microsoft Visual Studio Solution File, Format Version 12.00
# Visual Studio Version 17
VisualStudioVersion = 17.14.37111.16 d17.14
MinimumVisualStudioVersion = 10.0.40219.1
Project("{FAE04EC0-301F-11D3-BF4B-00C04F79EFBC}") = "FinalLab1", "FinalLab1.csproj", "{85350C94-0E90-4D46-8B98-E8BCAEEEAF18}"
EndProject
Global
	GlobalSection(SolutionConfigurationPlatforms) = preSolution
		Debug|Any CPU = Debug|Any CPU
		Release|Any CPU = Release|Any CPU
	EndGlobalSection
	GlobalSection(ProjectConfigurationPlatforms) = postSolution
		{85350C94-0E90-4D46-8B98-E8BCAEEEAF18}.Debug|Any CPU.ActiveCfg = Debug|Any CPU
		{85350C94-0E90-4D46-8B98-E8BCAEEEAF18}.Debug|Any CPU.Build.0 = Debug|Any CPU
		{85350C94-0E90-4D46-8B98-E8BCAEEEAF18}.Release|Any CPU.ActiveCfg = Release|Any CPU
		{85350C94-0E90-4D46-8B98-E8BCAEEEAF18}.Release|Any CPU.Build.0 = Release|Any CPU
	EndGlobalSection
	GlobalSection(SolutionProperties) = preSolution
		HideSolutionNode = FALSE
	EndGlobalSection
	GlobalSection(ExtensibilityGlobals) = postSolution
		SolutionGuid = {6A812DE1-5797-4AA0-A5C0-E638CED44DCC}
	EndGlobalSection
EndGlobal
